
Microsoft Visual Studio Solution File, Format Version 12.00
# Visual Studio Version 17
VisualStudioVersion = 17.0.31903.59
MinimumVisualStudioVersion = 10.0.40219.1
Project("{FAE04EC0-301F-11D3-BF4B-00C04F79EFBC}") = "TreeSitter.CLI", "TreeSitter.CLI\TreeSitter.CLI.csproj", "{9EF29ED3-9D22-426F-A138-9B8CE78E5933}"
EndProject
Project("{FAE04EC0-301F-11D3-BF4B-00C04F79EFBC}") = "TreeSitter", "TreeSitter\TreeSitter.csproj", "{FEBABBC8-DB74-4FEE-BE81-E93D3672FC7A}"
EndProject
Project("{FAE04EC0-301F-11D3-BF4B-00C04F79EFBC}") = "TreeSitter.Bundle", "TreeSitter.Bundle\TreeSitter.Bundle.csproj", "{E2055BA2-546D-4307-A514-B35B651B73C6}"
EndProject
Project("{FAE04EC0-301F-11D3-BF4B-00C04F79EFBC}") = "TreeSitter.Test", "TreeSitter.Test\TreeSitter.Test.csproj", "{8B8FBF27-7CC2-40AA-A3E9-D4610835AE5D}"
EndProject
Global
	GlobalSection(SolutionConfigurationPlatforms) = preSolution
		Debug|Any CPU = Debug|Any CPU
		Debug|x64 = Debug|x64
		Debug|x86 = Debug|x86
		Release|Any CPU = Release|Any CPU
		Release|x64 = Release|x64
		Release|x86 = Release|x86
	EndGlobalSection
	GlobalSection(ProjectConfigurationPlatforms) = postSolution
		{9EF29ED3-9D22-426F-A138-9B8CE78E5933}.Debug|Any CPU.ActiveCfg = Debug|Any CPU
		{9EF29ED3-9D22-426F-A138-9B8CE78E5933}.Debug|Any CPU.Build.0 = Debug|Any CPU
		{9EF29ED3-9D22-426F-A138-9B8CE78E5933}.Debug|x64.ActiveCfg = Debug|Any CPU
		{9EF29ED3-9D22-426F-A138-9B8CE78E5933}.Debug|x64.Build.0 = Debug|Any CPU
		{9EF29ED3-9D22-426F-A138-9B8CE78E5933}.Debug|x86.ActiveCfg = Debug|Any CPU
		{9EF29ED3-9D22-426F-A138-9B8CE78E5933}.Debug|x86.Build.0 = Debug|Any CPU
		{9EF29ED3-9D22-426F-A138-9B8CE78E5933}.Release|Any CPU.ActiveCfg = Release|Any CPU
		{9EF29ED3-9D22-426F-A138-9B8CE78E5933}.Release|Any CPU.Build.0 = Release|Any CPU
		{9EF29ED3-9D22-426F-A138-9B8CE78E5933}.Release|x64.ActiveCfg = Release|Any CPU
		{9EF29ED3-9D22-426F-A138-9B8CE78E5933}.Release|x64.Build.0 = Release|Any CPU
		{9EF29ED3-9D22-426F-A138-9B8CE78E5933}.Release|x86.ActiveCfg = Release|Any CPU
		{9EF29ED3-9D22-426F-A138-9B8CE78E5933}.Release|x86.Build.0 = Release|Any CPU
		{FEBABBC8-DB74-4FEE-BE81-E93D3672FC7A}.Debug|Any CPU.ActiveCfg = Debug|Any CPU
		{FEBABBC8-DB74-4FEE-BE81-E93D3672FC7A}.Debug|Any CPU.Build.0 = Debug|Any CPU
		{FEBABBC8-DB74-4FEE-BE81-E93D3672FC7A}.Debug|x64.ActiveCfg = Debug|Any CPU
		{FEBABBC8-DB74-4FEE-BE81-E93D3672FC7A}.Debug|x64.Build.0 = Debug|Any CPU
		{FEBABBC8-DB74-4FEE-BE81-E93D3672FC7A}.Debug|x86.ActiveCfg = Debug|Any CPU
		{FEBABBC8-DB74-4FEE-BE81-E93D3672FC7A}.Debug|x86.Build.0 = Debug|Any CPU
		{FEBABBC8-DB74-4FEE-BE81-E93D3672FC7A}.Release|Any CPU.ActiveCfg = Release|Any CPU
		{FEBABBC8-DB74-4FEE-BE81-E93D3672FC7A}.Release|Any CPU.Build.0 = Release|Any CPU
		{FEBABBC8-DB74-4FEE-BE81-E93D3672FC7A}.Release|x64.ActiveCfg = Release|Any CPU
		{FEBABBC8-DB74-4FEE-BE81-E93D3672FC7A}.Release|x64.Build.0 = Release|Any CPU
		{FEBABBC8-DB74-4FEE-BE81-E93D3672FC7A}.Release|x86.ActiveCfg = Release|Any CPU
		{FEBABBC8-DB74-4FEE-BE81-E93D3672FC7A}.Release|x86.Build.0 = Release|Any CPU
		{E2055BA2-546D-4307-A514-B35B651B73C6}.Debug|Any CPU.ActiveCfg = Debug|Any CPU
		{E2055BA2-546D-4307-A514-B35B651B73C6}.Debug|Any CPU.Build.0 = Debug|Any CPU
		{E2055BA2-546D-4307-A514-B35B651B73C6}.Debug|x64.ActiveCfg = Debug|Any CPU
		{E2055BA2-546D-4307-A514-B35B651B73C6}.Debug|x64.Build.0 = Debug|Any CPU
		{E2055BA2-546D-4307-A514-B35B651B73C6}.Debug|x86.ActiveCfg = Debug|Any CPU
		{E2055BA2-546D-4307-A514-B35B651B73C6}.Debug|x86.Build.0 = Debug|Any CPU
		{E2055BA2-546D-4307-A514-B35B651B73C6}.Release|Any CPU.ActiveCfg = Release|Any CPU
		{E2055BA2-546D-4307-A514-B35B651B73C6}.Release|Any CPU.Build.0 = Release|Any CPU
		{E2055BA2-546D-4307-A514-B35B651B73C6}.Release|x64.ActiveCfg = Release|Any CPU
		{E2055BA2-546D-4307-A514-B35B651B73C6}.Release|x64.Build.0 = Release|Any CPU
		{E2055BA2-546D-4307-A514-B35B651B73C6}.Release|x86.ActiveCfg = Release|Any CPU
		{E2055BA2-546D-4307-A514-B35B651B73C6}.Release|x86.Build.0 = Release|Any CPU
		{8B8FBF27-7CC2-40AA-A3E9-D4610835AE5D}.Debug|Any CPU.ActiveCfg = Debug|Any CPU
		{8B8FBF27-7CC2-40AA-A3E9-D4610835AE5D}.Debug|Any CPU.Build.0 = Debug|Any CPU
		{8B8FBF27-7CC2-40AA-A3E9-D4610835AE5D}.Debug|x64.ActiveCfg = Debug|Any CPU
		{8B8FBF27-7CC2-40AA-A3E9-D4610835AE5D}.Debug|x64.Build.0 = Debug|Any CPU
		{8B8FBF27-7CC2-40AA-A3E9-D4610835AE5D}.Debug|x86.ActiveCfg = Debug|Any CPU
		{8B8FBF27-7CC2-40AA-A3E9-D4610835AE5D}.Debug|x86.Build.0 = Debug|Any CPU
		{8B8FBF27-7CC2-40AA-A3E9-D4610835AE5D}.Release|Any CPU.ActiveCfg = Release|Any CPU
		{8B8FBF27-7CC2-40AA-A3E9-D4610835AE5D}.Release|Any CPU.Build.0 = Release|Any CPU
		{8B8FBF27-7CC2-40AA-A3E9-D4610835AE5D}.Release|x64.ActiveCfg = Release|Any CPU
		{8B8FBF27-7CC2-40AA-A3E9-D4610835AE5D}.Release|x64.Build.0 = Release|Any CPU
		{8B8FBF27-7CC2-40AA-A3E9-D4610835AE5D}.Release|x86.ActiveCfg = Release|Any CPU
		{8B8FBF27-7CC2-40AA-A3E9-D4610835AE5D}.Release|x86.Build.0 = Release|Any CPU
	EndGlobalSection
	GlobalSection(SolutionProperties) = preSolution
		HideSolutionNode = FALSE
	EndGlobalSection
	GlobalSection(ExtensibilityGlobals) = postSolution
		SolutionGuid = {36FE8586-A082-49DF-BBE3-0414A0228F51}
	EndGlobalSection
EndGlobal
